
Microsoft Visual Studio Solution File, Format Version 12.00
# Visual Studio Version 17
VisualStudioVersion = 17.14.36414.22 d17.14
MinimumVisualStudioVersion = 10.0.40219.1
Project("{FAE04EC0-301F-11D3-BF4B-00C04F79EFBC}") = "AnimalCareClinic", "AnimalCareClinic\AnimalCareClinic.csproj", "{849F7938-4E95-4A95-90ED-81CEC1E41F2E}"
EndProject
Global
	GlobalSection(SolutionConfigurationPlatforms) = preSolution
		Debug|Any CPU = Debug|Any CPU
		Release|Any CPU = Release|Any CPU
	EndGlobalSection
	GlobalSection(ProjectConfigurationPlatforms) = postSolution
		{849F7938-4E95-4A95-90ED-81CEC1E41F2E}.Debug|Any CPU.ActiveCfg = Debug|Any CPU
		{849F7938-4E95-4A95-90ED-81CEC1E41F2E}.Debug|Any CPU.Build.0 = Debug|Any CPU
		{849F7938-4E95-4A95-90ED-81CEC1E41F2E}.Release|Any CPU.ActiveCfg = Release|Any CPU
		{849F7938-4E95-4A95-90ED-81CEC1E41F2E}.Release|Any CPU.Build.0 = Release|Any CPU
	EndGlobalSection
	GlobalSection(SolutionProperties) = preSolution
		HideSolutionNode = FALSE
	EndGlobalSection
	GlobalSection(ExtensibilityGlobals) = postSolution
		SolutionGuid = {D9EF67B1-E41B-4005-A212-A4B1E2269BBF}
	EndGlobalSection
EndGlobal
